
Microsoft Visual Studio Solution File, Format Version 12.00
# Visual Studio Version 16
VisualStudioVersion = 16.0.30114.105
MinimumVisualStudioVersion = 10.0.40219.1
Project("{FAE04EC0-301F-11D3-BF4B-00C04F79EFBC}") = "gtt", "gtt\gtt.csproj", "{4604286A-24B1-4D17-81E0-6A6489CA88A7}"
EndProject
Global
	GlobalSection(SolutionConfigurationPlatforms) = preSolution
		Debug|Any CPU = Debug|Any CPU
		Release|Any CPU = Release|Any CPU
	EndGlobalSection
	GlobalSection(ProjectConfigurationPlatforms) = postSolution
		{4604286A-24B1-4D17-81E0-6A6489CA88A7}.Debug|Any CPU.ActiveCfg = Debug|Any CPU
		{4604286A-24B1-4D17-81E0-6A6489CA88A7}.Debug|Any CPU.Build.0 = Debug|Any CPU
		{4604286A-24B1-4D17-81E0-6A6489CA88A7}.Release|Any CPU.ActiveCfg = Release|Any CPU
		{4604286A-24B1-4D17-81E0-6A6489CA88A7}.Release|Any CPU.Build.0 = Release|Any CPU
	EndGlobalSection
	GlobalSection(SolutionProperties) = preSolution
		HideSolutionNode = FALSE
	EndGlobalSection
	GlobalSection(ExtensibilityGlobals) = postSolution
		SolutionGuid = {AC83A330-6734-41D2-B191-BC846CADB3F4}
	EndGlobalSection
EndGlobal
